annotated-types==0.8.0
bitarray==3.11.0
cached-property==2.0.1
ckzg==2.1.8
cytoolz==1.1.0
eth-account==0.14.0
eth-bloom==4.0.0
eth-hash==0.8.0
eth-keyfile==0.10.0
eth-keys==0.8.0
eth-rlp==3.0.0
eth-tester==0.14.0b1
eth-typing==6.0.0
eth-utils==6.0.0
eth_abi==6.0.0
hexbytes==2.0.0
lru-dict==1.4.1
parsimonious==0.10.0
py-ecc==8.0.0
py-evm==0.12.1b1
pycryptodome==3.23.0
pydantic==2.13.5
pydantic_core==2.46.5
regex==2026.9.10
rlp==5.0.0
safe-pysha3==1.0.5
semantic-version==2.10.0
sortedcontainers==2.4.0
toolz==1.1.0
trie==4.0.0
typing-inspection==0.4.4
typing_extensions==4.16.0
